<Solution>
  <Project Path="RoutineEscape.AI/RoutineEscape.AI.csproj" />
  <Project Path="RoutineEscape.Application/RoutineEscape.Application.csproj" />
  <Project Path="RoutineEscape.Bot/RoutineEscape.Bot.csproj" />
  <Project Path="RoutineEscape.Domain/RoutineEscape.Domain.csproj" />
  <Project Path="RoutineEscape.Infrastructure/RoutineEscape.Infrastructure.csproj" />
  <Project Path="RoutineEscape.IntegrationTests/RoutineEscape.IntegrationTests.csproj" />
  <Project Path="RoutineEscape.UnitTests/RoutineEscape.UnitTests.csproj" />
</Solution>
